{
  "name": "CLI_Chess_Online",
  "lockfileVersion": 3,
  "requires": true,
  "packages": {
    "": {
      "dependencies": {
        "alternate-screen": "^1.0.0",
        "readline-sync": "^1.4.10"
      }
    },
    "node_modules/alternate-screen": {
      "version": "1.0.0",
      "resolved": "https://registry.npmjs.org/alternate-screen/-/alternate-screen-1.0.0.tgz",
      "integrity": "sha512-opBehAzmIpuu3ZMirDKLwhphwU0CstNs5QP1QMQd8MekKRC2120pkKiRS8d1mIiJURrxHSGNuhMHwuAQExqAfw=="
    },
    "node_modules/readline-sync": {
      "version": "1.4.10",
      "resolved": "https://registry.npmjs.org/readline-sync/-/readline-sync-1.4.10.tgz",
      "integrity": "sha512-gNva8/6UAe8QYepIQH/jQ2qn91Qj0B9sYjMBBs3QOB8F2CXcKgLxQaJRP76sWVRQt+QU+8fAkCbCvjjMFu7Ycw==",
      "engines": {
        "node": ">= 0.8.0"
      }
    }
  }
}
